
Microsoft Visual Studio Solution File, Format Version 12.00
# Visual Studio 15
VisualStudioVersion = 15.0.26730.10
MinimumVisualStudioVersion = 10.0.40219.1
Project("{FAE04EC0-301F-11D3-BF4B-00C04F79EFBC}") = "SpreadsheetGUI", "SpreadsheetGUI\SpreadsheetGUI.csproj", "{640A6BC8-AE5B-4A4F-BF5D-05FBCBDA2782}"
EndProject
Project("{FAE04EC0-301F-11D3-BF4B-00C04F79EFBC}") = "Resources", "Resources\Resources.csproj", "{916C4901-7FAB-48C1-BACB-49DE3EC89080}"
EndProject
Project("{FAE04EC0-301F-11D3-BF4B-00C04F79EFBC}") = "TestPS5", "..\PS4\TestPS5\TestPS5.csproj", "{056FB282-03CD-4DD0-A31F-A1B9312DBC6E}"
EndProject
Global
	GlobalSection(SolutionConfigurationPlatforms) = preSolution
		Debug|Any CPU = Debug|Any CPU
		Release|Any CPU = Release|Any CPU
	EndGlobalSection
	GlobalSection(ProjectConfigurationPlatforms) = postSolution
		{640A6BC8-AE5B-4A4F-BF5D-05FBCBDA2782}.Debug|Any CPU.ActiveCfg = Debug|Any CPU
		{640A6BC8-AE5B-4A4F-BF5D-05FBCBDA2782}.Debug|Any CPU.Build.0 = Debug|Any CPU
		{640A6BC8-AE5B-4A4F-BF5D-05FBCBDA2782}.Release|Any CPU.ActiveCfg = Release|Any CPU
		{640A6BC8-AE5B-4A4F-BF5D-05FBCBDA2782}.Release|Any CPU.Build.0 = Release|Any CPU
		{916C4901-7FAB-48C1-BACB-49DE3EC89080}.Debug|Any CPU.ActiveCfg = Debug|Any CPU
		{916C4901-7FAB-48C1-BACB-49DE3EC89080}.Debug|Any CPU.Build.0 = Debug|Any CPU
		{916C4901-7FAB-48C1-BACB-49DE3EC89080}.Release|Any CPU.ActiveCfg = Release|Any CPU
		{916C4901-7FAB-48C1-BACB-49DE3EC89080}.Release|Any CPU.Build.0 = Release|Any CPU
		{056FB282-03CD-4DD0-A31F-A1B9312DBC6E}.Debug|Any CPU.ActiveCfg = Debug|Any CPU
		{056FB282-03CD-4DD0-A31F-A1B9312DBC6E}.Debug|Any CPU.Build.0 = Debug|Any CPU
		{056FB282-03CD-4DD0-A31F-A1B9312DBC6E}.Release|Any CPU.ActiveCfg = Release|Any CPU
		{056FB282-03CD-4DD0-A31F-A1B9312DBC6E}.Release|Any CPU.Build.0 = Release|Any CPU
	EndGlobalSection
	GlobalSection(SolutionProperties) = preSolution
		HideSolutionNode = FALSE
	EndGlobalSection
	GlobalSection(ExtensibilityGlobals) = postSolution
		SolutionGuid = {E5BAC272-8437-4FDD-B2A8-7B8BA288C718}
	EndGlobalSection
EndGlobal
